// !$*UTF8*$!
{
	archiveVersion = 1;
	classes = {
	};
	objectVersion = 48;
	objects = {

/* Begin PBXBuildFile section */
		2E2351952004E5420064F914 /* AppDelegate.swift in Sources */ = {isa = PBXBuildFile; fileRef = 2E2351942004E5420064F914 /* AppDelegate.swift */; };
		2E2351972004E5430064F914 /* ViewController.swift in Sources */ = {isa = PBXBuildFile; fileRef = 2E2351962004E5430064F914 /* ViewController.swift */; };
		2E23519A2004E5430064F914 /* Main.storyboard in Resources */ = {isa = PBXBuildFile; fileRef = 2E2351982004E5430064F914 /* Main.storyboard */; };
		2E23519C2004E5430064F914 /* Assets.xcassets in Resources */ = {isa = PBXBuildFile; fileRef = 2E23519B2004E5430064F914 /* Assets.xcassets */; };
		2E23519F2004E5430064F914 /* LaunchScreen.storyboard in Resources */ = {isa = PBXBuildFile; fileRef = 2E23519D2004E5430064F914 /* LaunchScreen.storyboard */; };
		2E2352092006552C0064F914 /* RGBA32.swift in Sources */ = {isa = PBXBuildFile; fileRef = 2E2352082006552C0064F914 /* RGBA32.swift */; };
/* End PBXBuildFile section */

/* Begin PBXFileReference section */
		2E2351912004E5420064F914 /* ImageRecognizer.app */ = {isa = PBXFileReference; explicitFileType = wrapper.application; includeInIndex = 0; path = ImageRecognizer.app; sourceTree = BUILT_PRODUCTS_DIR; };
		2E2351942004E5420064F914 /* AppDelegate.swift */ = {isa = PBXFileReference; lastKnownFileType = sourcecode.swift; path = AppDelegate.swift; sourceTree = "<group>"; };
		2E2351962004E5430064F914 /* ViewController.swift */ = {isa = PBXFileReference; lastKnownFileType = sourcecode.swift; path = ViewController.swift; sourceTree = "<group>"; };
		2E2351992004E5430064F914 /* Base */ = {isa = PBXFileReference; lastKnownFileType = file.storyboard; name = Base; path = Base.lproj/Main.storyboard; sourceTree = "<group>"; };
		2E23519B2004E5430064F914 /* Assets.xcassets */ = {isa = PBXFileReference; lastKnownFileType = folder.assetcatalog; path = Assets.xcassets; sourceTree = "<group>"; };
		2E23519E2004E5430064F914 /* Base */ = {isa = PBXFileReference; lastKnownFileType = file.storyboard; name = Base; path = Base.lproj/LaunchScreen.storyboard; sourceTree = "<group>"; };
		2E2351A02004E5430064F914 /* Info.plist */ = {isa = PBXFileReference; lastKnownFileType = text.plist.xml; path = Info.plist; sourceTree = "<group>"; };
		2E2352082006552C0064F914 /* RGBA32.swift */ = {isa = PBXFileReference; lastKnownFileType = sourcecode.swift; path = RGBA32.swift; sourceTree = "<group>"; };
/* End PBXFileReference section */

/* Begin PBXFrameworksBuildPhase section */
		2E23518E2004E5420064F914 /* Frameworks */ = {
			isa = PBXFrameworksBuildPhase;
			buildActionMask = 2147483647;
			files = (
			);
			runOnlyForDeploymentPostprocessing = 0;
		};
/* End PBXFrameworksBuildPhase section */

/* Begin PBXGroup section */
		2E2351882004E5420064F914 = {
			isa = PBXGroup;
			children = (
				2E2351932004E5420064F914 /* ImageRecognizer */,
				2E2351922004E5420064F914 /* Products */,
			);
			sourceTree = "<group>";
		};
		2E2351922004E5420064F914 /* Products */ = {
			isa = PBXGroup;
			children = (
				2E2351912004E5420064F914 /* ImageRecognizer.app */,
			);
			name = Products;
			sourceTree = "<group>";
		};
		2E2351932004E5420064F914 /* ImageRecognizer */ = {
			isa = PBXGroup;
			children = (
				2E2351942004E5420064F914 /* AppDelegate.swift */,
				2E2351962004E5430064F914 /* ViewController.swift */,
				2E2352082006552C0064F914 /* RGBA32.swift */,
				2E2351982004E5430064F914 /* Main.storyboard */,
				2E23519B2004E5430064F914 /* Assets.xcassets */,
				2E23519D2004E5430064F914 /* LaunchScreen.storyboard */,
				2E2351A02004E5430064F914 /* Info.plist */,
			);
			path = ImageRecognizer;
			sourceTree = "<group>";
		};
/* End PBXGroup section */

/* Begin PBXNativeTarget section */
		2E2351902004E5420064F914 /* ImageRecognizer */ = {
			isa = PBXNativeTarget;
			buildConfigurationList = 2E2351A32004E5430064F914 /* Build configuration list for PBXNativeTarget "ImageRecognizer" */;
			buildPhases = (
				2E23518D2004E5420064F914 /* Sources */,
				2E23518E2004E5420064F914 /* Frameworks */,
				2E23518F2004E5420064F914 /* Resources */,
			);
			buildRules = (
			);
			dependencies = (
			);
			name = ImageRecognizer;
			productName = ImageRecognizer;
			productReference = 2E2351912004E5420064F914 /* ImageRecognizer.app */;
			productType = "com.apple.product-type.application";
		};
/* End PBXNativeTarget section */

/* Begin PBXProject section */
		2E2351892004E5420064F914 /* Project object */ = {
			isa = PBXProject;
			attributes = {
				LastSwiftUpdateCheck = 0920;
				LastUpgradeCheck = 0920;
				ORGANIZATIONNAME = Alexandr;
				TargetAttributes = {
					2E2351902004E5420064F914 = {
						CreatedOnToolsVersion = 9.2;
						ProvisioningStyle = Automatic;
					};
				};
			};
			buildConfigurationList = 2E23518C2004E5420064F914 /* Build configuration list for PBXProject "ImageRecognizer" */;
			compatibilityVersion = "Xcode 8.0";
			developmentRegion = en;
			hasScannedForEncodings = 0;
			knownRegions = (
				en,
				Base,
			);
			mainGroup = 2E2351882004E5420064F914;
			productRefGroup = 2E2351922004E5420064F914 /* Products */;
			projectDirPath = "";
			projectRoot = "";
			targets = (
				2E2351902004E5420064F914 /* ImageRecognizer */,
			);
		};
/* End PBXProject section */

/* Begin PBXResourcesBuildPhase section */
		2E23518F2004E5420064F914 /* Resources */ = {
			isa = PBXResourcesBuildPhase;
			buildActionMask = 2147483647;
			files = (
				2E23519F2004E5430064F914 /* LaunchScreen.storyboard in Resources */,
				2E23519C2004E5430064F914 /* Assets.xcassets in Resources */,
				2E23519A2004E5430064F914 /* Main.storyboard in Resources */,
			);
			runOnlyForDeploymentPostprocessing = 0;
		};
/* End PBXResourcesBuildPhase section */

/* Begin PBXSourcesBuildPhase section */
		2E23518D2004E5420064F914 /* Sources */ = {
			isa = PBXSourcesBuildPhase;
			buildActionMask = 2147483647;
			files = (
				2E2352092006552C0064F914 /* RGBA32.swift in Sources */,
				2E2351972004E5430064F914 /* ViewController.swift in Sources */,
				2E2351952004E5420064F914 /* AppDelegate.swift in Sources */,
			);
			runOnlyForDeploymentPostprocessing = 0;
		};
/* End PBXSourcesBuildPhase section */

/* Begin PBXVariantGroup section */
		2E2351982004E5430064F914 /* Main.storyboard */ = {
			isa = PBXVariantGroup;
			children = (
				2E2351992004E5430064F914 /* Base */,
			);
			name = Main.storyboard;
			sourceTree = "<group>";
		};
		2E23519D2004E5430064F914 /* LaunchScreen.storyboard */ = {
			isa = PBXVariantGroup;
			children = (
				2E23519E2004E5430064F914 /* Base */,
			);
			name = LaunchScreen.storyboard;
			sourceTree = "<group>";
		};
/* End PBXVariantGroup section */

/* Begin XCBuildConfiguration section */
		2E2351A12004E5430064F914 /* Debug */ = {
			isa = XCBuildConfiguration;
			buildSettings = {
				ALWAYS_SEARCH_USER_PATHS = NO;
				CLANG_ANALYZER_NONNULL = YES;
				CLANG_ANALYZER_NUMBER_OBJECT_CONVERSION = YES_AGGRESSIVE;
				CLANG_CXX_LANGUAGE_STANDARD = "gnu++14";
				CLANG_CXX_LIBRARY = "libc++";
				CLANG_ENABLE_MODULES = YES;
				CLANG_ENABLE_OBJC_ARC = YES;
				CLANG_WARN_BLOCK_CAPTURE_AUTORELEASING = YES;
				CLANG_WARN_BOOL_CONVERSION = YES;
				CLANG_WARN_COMMA = YES;
				CLANG_WARN_CONSTANT_CONVERSION = YES;
				CLANG_WARN_DIRECT_OBJC_ISA_USAGE = YES_ERROR;
				CLANG_WARN_DOCUMENTATION_COMMENTS = YES;
				CLANG_WARN_EMPTY_BODY = YES;
				CLANG_WARN_ENUM_CONVERSION = YES;
				CLANG_WARN_INFINITE_RECURSION = YES;
				CLANG_WARN_INT_CONVERSION = YES;
				CLANG_WARN_NON_LITERAL_NULL_CONVERSION = YES;
				CLANG_WARN_OBJC_LITERAL_CONVERSION = YES;
				CLANG_WARN_OBJC_ROOT_CLASS = YES_ERROR;
				CLANG_WARN_RANGE_LOOP_ANALYSIS = YES;
				CLANG_WARN_STRICT_PROTOTYPES = YES;
				CLANG_WARN_SUSPICIOUS_MOVE = YES;
				CLANG_WARN_UNGUARDED_AVAILABILITY = YES_AGGRESSIVE;
				CLANG_WARN_UNREACHABLE_CODE = YES;
				CLANG_WARN__DUPLICATE_METHOD_MATCH = YES;
				CODE_SIGN_IDENTITY = "iPhone Developer";
				COPY_PHASE_STRIP = NO;
				DEBUG_INFORMATION_FORMAT = dwarf;
				ENABLE_STRICT_OBJC_MSGSEND = YES;
				ENABLE_TESTABILITY = YES;
				GCC_C_LANGUAGE_STANDARD = gnu11;
				GCC_DYNAMIC_NO_PIC = NO;
				GCC_NO_COMMON_BLOCKS = YES;
				GCC_OPTIMIZATION_LEVEL = 0;
				GCC_PREPROCESSOR_DEFINITIONS = (
					"DEBUG=1",
					"$(inherited)",
				);
				GCC_WARN_64_TO_32_BIT_CONVERSION = YES;
				GCC_WARN_ABOUT_RETURN_TYPE = YES_ERROR;
				GCC_WARN_UNDECLARED_SELECTOR = YES;
				GCC_WARN_UNINITIALIZED_AUTOS = YES_AGGRESSIVE;
				GCC_WARN_UNUSED_FUNCTION = YES;
				GCC_WARN_UNUSED_VARIABLE = YES;
				IPHONEOS_DEPLOYMENT_TARGET = 11.2;
				MTL_ENABLE_DEBUG_INFO = YES;
				ONLY_ACTIVE_ARCH = YES;
				SDKROOT = iphoneos;
				SWIFT_ACTIVE_COMPILATION_CONDITIONS = DEBUG;
				SWIFT_OPTIMIZATION_LEVEL = "-Onone";
			};
			name = Debug;
		};
		2E2351A22004E5430064F914 /* Release */ = {
			isa = XCBuildConfiguration;
			buildSettings = {
				ALWAYS_SEARCH_USER_PATHS = NO;
				CLANG_ANALYZER_NONNULL = YES;
				CLANG_ANALYZER_NUMBER_OBJECT_CONVERSION = YES_AGGRESSIVE;
				CLANG_CXX_LANGUAGE_STANDARD = "gnu++14";
				CLANG_CXX_LIBRARY = "libc++";
				CLANG_ENABLE_MODULES = YES;
				CLANG_ENABLE_OBJC_ARC = YES;
				CLANG_WARN_BLOCK_CAPTURE_AUTORELEASING = YES;
				CLANG_WARN_BOOL_CONVERSION = YES;
				CLANG_WARN_COMMA = YES;
				CLANG_WARN_CONSTANT_CONVERSION = YES;
				CLANG_WARN_DIRECT_OBJC_ISA_USAGE = YES_ERROR;
				CLANG_WARN_DOCUMENTATION_COMMENTS = YES;
				CLANG_WARN_EMPTY_BODY = YES;
				CLANG_WARN_ENUM_CONVERSION = YES;
				CLANG_WARN_INFINITE_RECURSION = YES;
				CLANG_WARN_INT_CONVERSION = YES;
				CLANG_WARN_NON_LITERAL_NULL_CONVERSION = YES;
				CLANG_WARN_OBJC_LITERAL_CONVERSION = YES;
				CLANG_WARN_OBJC_ROOT_CLASS = YES_ERROR;
				CLANG_WARN_RANGE_LOOP_ANALYSIS = YES;
				CLANG_WARN_STRICT_PROTOTYPES = YES;
				CLANG_WARN_SUSPICIOUS_MOVE = YES;
				CLANG_WARN_UNGUARDED_AVAILABILITY = YES_AGGRESSIVE;
				CLANG_WARN_UNREACHABLE_CODE = YES;
				CLANG_WARN__DUPLICATE_METHOD_MATCH = YES;
				CODE_SIGN_IDENTITY = "iPhone Developer";
				COPY_PHASE_STRIP = NO;
				DEBUG_INFORMATION_FORMAT = "dwarf-with-dsym";
				ENABLE_NS_ASSERTIONS = NO;
				ENABLE_STRICT_OBJC_MSGSEND = YES;
				GCC_C_LANGUAGE_STANDARD = gnu11;
				GCC_NO_COMMON_BLOCKS = YES;
				GCC_WARN_64_TO_32_BIT_CONVERSION = YES;
				GCC_WARN_ABOUT_RETURN_TYPE = YES_ERROR;
				GCC_WARN_UNDECLARED_SELECTOR = YES;
				GCC_WARN_UNINITIALIZED_AUTOS = YES_AGGRESSIVE;
				GCC_WARN_UNUSED_FUNCTION = YES;
				GCC_WARN_UNUSED_VARIABLE = YES;
				IPHONEOS_DEPLOYMENT_TARGET = 11.2;
				MTL_ENABLE_DEBUG_INFO = NO;
				SDKROOT = iphoneos;
				SWIFT_OPTIMIZATION_LEVEL = "-Owholemodule";
				VALIDATE_PRODUCT = YES;
			};
			name = Release;
		};
		2E2351A42004E5430064F914 /* Debug */ = {
			isa = XCBuildConfiguration;
			buildSettings = {
				ASSETCATALOG_COMPILER_APPICON_NAME = AppIcon;
				CODE_SIGN_STYLE = Automatic;
				DEVELOPMENT_TEAM = LYW63N2CP4;
				INFOPLIST_FILE = ImageRecognizer/Info.plist;
				LD_RUNPATH_SEARCH_PATHS = "$(inherited) @executable_path/Frameworks";
				PRODUCT_BUNDLE_IDENTIFIER = bsu.ImageRecognizer;
				PRODUCT_NAME = "$(TARGET_NAME)";
				SWIFT_VERSION = 4.0;
				TARGETED_DEVICE_FAMILY = "1,2";
			};
			name = Debug;
		};
		2E2351A52004E5430064F914 /* Release */ = {
			isa = XCBuildConfiguration;
			buildSettings = {
				ASSETCATALOG_COMPILER_APPICON_NAME = AppIcon;
				CODE_SIGN_STYLE = Automatic;
				DEVELOPMENT_TEAM = LYW63N2CP4;
				INFOPLIST_FILE = ImageRecognizer/Info.plist;
				LD_RUNPATH_SEARCH_PATHS = "$(inherited) @executable_path/Frameworks";
				PRODUCT_BUNDLE_IDENTIFIER = bsu.ImageRecognizer;
				PRODUCT_NAME = "$(TARGET_NAME)";
				SWIFT_VERSION = 4.0;
				TARGETED_DEVICE_FAMILY = "1,2";
			};
			name = Release;
		};
/* End XCBuildConfiguration section */

/* Begin XCConfigurationList section */
		2E23518C2004E5420064F914 /* Build configuration list for PBXProject "ImageRecognizer" */ = {
			isa = XCConfigurationList;
			buildConfigurations = (
				2E2351A12004E5430064F914 /* Debug */,
				2E2351A22004E5430064F914 /* Release */,
			);
			defaultConfigurationIsVisible = 0;
			defaultConfigurationName = Release;
		};
		2E2351A32004E5430064F914 /* Build configuration list for PBXNativeTarget "ImageRecognizer" */ = {
			isa = XCConfigurationList;
			buildConfigurations = (
				2E2351A42004E5430064F914 /* Debug */,
				2E2351A52004E5430064F914 /* Release */,
			);
			defaultConfigurationIsVisible = 0;
			defaultConfigurationName = Release;
		};
/* End XCConfigurationList section */
	};
	rootObject = 2E2351892004E5420064F914 /* Project object */;
}
